
Microsoft Visual Studio Solution File, Format Version 12.00
# Visual Studio Version 17
VisualStudioVersion = 17.3.32811.315
MinimumVisualStudioVersion = 10.0.40219.1
Project("{FAE04EC0-301F-11D3-BF4B-00C04F79EFBC}") = "XpertMobileApp.Android", "XpertMobileApp.Android\XpertMobileApp.Android.csproj", "{B8B792E3-2CF7-43B1-B409-1E7216A8F99A}"
EndProject
Project("{9A19103F-16F7-4668-BE54-9A1E7A4F7556}") = "XpertMobileAppManafiaa", "XpertMobileApp\XpertMobileAppManafiaa.csproj", "{F23BC09A-1484-406F-8354-EBB432D9CBB6}"
EndProject
Project("{9A19103F-16F7-4668-BE54-9A1E7A4F7556}") = "Xpert.Common.WSClient", "Xpert.Common.WSClient\Xpert.Common.WSClient.csproj", "{D5C07614-2429-4F06-A6B6-BC505D5077ED}"
EndProject
Global
	GlobalSection(SolutionConfigurationPlatforms) = preSolution
		Debug|Any CPU = Debug|Any CPU
		Debug|ARM = Debug|ARM
		Debug|iPhone = Debug|iPhone
		Debug|iPhoneSimulator = Debug|iPhoneSimulator
		Debug|x64 = Debug|x64
		Debug|x86 = Debug|x86
		Release|Any CPU = Release|Any CPU
		Release|ARM = Release|ARM
		Release|iPhone = Release|iPhone
		Release|iPhoneSimulator = Release|iPhoneSimulator
		Release|x64 = Release|x64
		Release|x86 = Release|x86
		XMAG|Any CPU = XMAG|Any CPU
		XMAG|ARM = XMAG|ARM
		XMAG|iPhone = XMAG|iPhone
		XMAG|iPhoneSimulator = XMAG|iPhoneSimulator
		XMAG|x64 = XMAG|x64
		XMAG|x86 = XMAG|x86
		XMBL|Any CPU = XMBL|Any CPU
		XMBL|ARM = XMBL|ARM
		XMBL|iPhone = XMBL|iPhone
		XMBL|iPhoneSimulator = XMBL|iPhoneSimulator
		XMBL|x64 = XMBL|x64
		XMBL|x86 = XMBL|x86
	EndGlobalSection
	GlobalSection(ProjectConfigurationPlatforms) = postSolution
		{B8B792E3-2CF7-43B1-B409-1E7216A8F99A}.Debug|Any CPU.ActiveCfg = Debug|Any CPU
		{B8B792E3-2CF7-43B1-B409-1E7216A8F99A}.Debug|Any CPU.Build.0 = Debug|Any CPU
		{B8B792E3-2CF7-43B1-B409-1E7216A8F99A}.Debug|Any CPU.Deploy.0 = Debug|Any CPU
		{B8B792E3-2CF7-43B1-B409-1E7216A8F99A}.Debug|ARM.ActiveCfg = Debug|Any CPU
		{B8B792E3-2CF7-43B1-B409-1E7216A8F99A}.Debug|ARM.Build.0 = Debug|Any CPU
		{B8B792E3-2CF7-43B1-B409-1E7216A8F99A}.Debug|ARM.Deploy.0 = Debug|Any CPU
		{B8B792E3-2CF7-43B1-B409-1E7216A8F99A}.Debug|iPhone.ActiveCfg = Debug|Any CPU
		{B8B792E3-2CF7-43B1-B409-1E7216A8F99A}.Debug|iPhone.Build.0 = Debug|Any CPU
		{B8B792E3-2CF7-43B1-B409-1E7216A8F99A}.Debug|iPhone.Deploy.0 = Debug|Any CPU
		{B8B792E3-2CF7-43B1-B409-1E7216A8F99A}.Debug|iPhoneSimulator.ActiveCfg = Debug|Any CPU
		{B8B792E3-2CF7-43B1-B409-1E7216A8F99A}.Debug|iPhoneSimulator.Build.0 = Debug|Any CPU
		{B8B792E3-2CF7-43B1-B409-1E7216A8F99A}.Debug|iPhoneSimulator.Deploy.0 = Debug|Any CPU
		{B8B792E3-2CF7-43B1-B409-1E7216A8F99A}.Debug|x64.ActiveCfg = Debug|Any CPU
		{B8B792E3-2CF7-43B1-B409-1E7216A8F99A}.Debug|x64.Build.0 = Debug|Any CPU
		{B8B792E3-2CF7-43B1-B409-1E7216A8F99A}.Debug|x64.Deploy.0 = Debug|Any CPU
		{B8B792E3-2CF7-43B1-B409-1E7216A8F99A}.Debug|x86.ActiveCfg = Debug|Any CPU
		{B8B792E3-2CF7-43B1-B409-1E7216A8F99A}.Debug|x86.Build.0 = Debug|Any CPU
		{B8B792E3-2CF7-43B1-B409-1E7216A8F99A}.Debug|x86.Deploy.0 = Debug|Any CPU
		{B8B792E3-2CF7-43B1-B409-1E7216A8F99A}.Release|Any CPU.ActiveCfg = Release|Any CPU
		{B8B792E3-2CF7-43B1-B409-1E7216A8F99A}.Release|Any CPU.Build.0 = Release|Any CPU
		{B8B792E3-2CF7-43B1-B409-1E7216A8F99A}.Release|Any CPU.Deploy.0 = Release|Any CPU
		{B8B792E3-2CF7-43B1-B409-1E7216A8F99A}.Release|ARM.ActiveCfg = Release|Any CPU
		{B8B792E3-2CF7-43B1-B409-1E7216A8F99A}.Release|ARM.Build.0 = Release|Any CPU
		{B8B792E3-2CF7-43B1-B409-1E7216A8F99A}.Release|ARM.Deploy.0 = Release|Any CPU
		{B8B792E3-2CF7-43B1-B409-1E7216A8F99A}.Release|iPhone.ActiveCfg = Release|Any CPU
		{B8B792E3-2CF7-43B1-B409-1E7216A8F99A}.Release|iPhone.Build.0 = Release|Any CPU
		{B8B792E3-2CF7-43B1-B409-1E7216A8F99A}.Release|iPhone.Deploy.0 = Release|Any CPU
		{B8B792E3-2CF7-43B1-B409-1E7216A8F99A}.Release|iPhoneSimulator.ActiveCfg = Release|Any CPU
		{B8B792E3-2CF7-43B1-B409-1E7216A8F99A}.Release|iPhoneSimulator.Build.0 = Release|Any CPU
		{B8B792E3-2CF7-43B1-B409-1E7216A8F99A}.Release|iPhoneSimulator.Deploy.0 = Release|Any CPU
		{B8B792E3-2CF7-43B1-B409-1E7216A8F99A}.Release|x64.ActiveCfg = Release|Any CPU
		{B8B792E3-2CF7-43B1-B409-1E7216A8F99A}.Release|x64.Build.0 = Release|Any CPU
		{B8B792E3-2CF7-43B1-B409-1E7216A8F99A}.Release|x64.Deploy.0 = Release|Any CPU
		{B8B792E3-2CF7-43B1-B409-1E7216A8F99A}.Release|x86.ActiveCfg = Release|Any CPU
		{B8B792E3-2CF7-43B1-B409-1E7216A8F99A}.Release|x86.Build.0 = Release|Any CPU
		{B8B792E3-2CF7-43B1-B409-1E7216A8F99A}.Release|x86.Deploy.0 = Release|Any CPU
		{B8B792E3-2CF7-43B1-B409-1E7216A8F99A}.XMAG|Any CPU.ActiveCfg = XMAG|Any CPU
		{B8B792E3-2CF7-43B1-B409-1E7216A8F99A}.XMAG|Any CPU.Build.0 = XMAG|Any CPU
		{B8B792E3-2CF7-43B1-B409-1E7216A8F99A}.XMAG|Any CPU.Deploy.0 = XMAG|Any CPU
		{B8B792E3-2CF7-43B1-B409-1E7216A8F99A}.XMAG|ARM.ActiveCfg = XMAG|Any CPU
		{B8B792E3-2CF7-43B1-B409-1E7216A8F99A}.XMAG|ARM.Build.0 = XMAG|Any CPU
		{B8B792E3-2CF7-43B1-B409-1E7216A8F99A}.XMAG|ARM.Deploy.0 = XMAG|Any CPU
		{B8B792E3-2CF7-43B1-B409-1E7216A8F99A}.XMAG|iPhone.ActiveCfg = XMAG|Any CPU
		{B8B792E3-2CF7-43B1-B409-1E7216A8F99A}.XMAG|iPhone.Build.0 = XMAG|Any CPU
		{B8B792E3-2CF7-43B1-B409-1E7216A8F99A}.XMAG|iPhone.Deploy.0 = XMAG|Any CPU
		{B8B792E3-2CF7-43B1-B409-1E7216A8F99A}.XMAG|iPhoneSimulator.ActiveCfg = XMAG|Any CPU
		{B8B792E3-2CF7-43B1-B409-1E7216A8F99A}.XMAG|iPhoneSimulator.Build.0 = XMAG|Any CPU
		{B8B792E3-2CF7-43B1-B409-1E7216A8F99A}.XMAG|iPhoneSimulator.Deploy.0 = XMAG|Any CPU
		{B8B792E3-2CF7-43B1-B409-1E7216A8F99A}.XMAG|x64.ActiveCfg = XMAG|Any CPU
		{B8B792E3-2CF7-43B1-B409-1E7216A8F99A}.XMAG|x64.Build.0 = XMAG|Any CPU
		{B8B792E3-2CF7-43B1-B409-1E7216A8F99A}.XMAG|x64.Deploy.0 = XMAG|Any CPU
		{B8B792E3-2CF7-43B1-B409-1E7216A8F99A}.XMAG|x86.ActiveCfg = XMAG|Any CPU
		{B8B792E3-2CF7-43B1-B409-1E7216A8F99A}.XMAG|x86.Build.0 = XMAG|Any CPU
		{B8B792E3-2CF7-43B1-B409-1E7216A8F99A}.XMAG|x86.Deploy.0 = XMAG|Any CPU
		{B8B792E3-2CF7-43B1-B409-1E7216A8F99A}.XMBL|Any CPU.ActiveCfg = XMBL|Any CPU
		{B8B792E3-2CF7-43B1-B409-1E7216A8F99A}.XMBL|Any CPU.Build.0 = XMBL|Any CPU
		{B8B792E3-2CF7-43B1-B409-1E7216A8F99A}.XMBL|Any CPU.Deploy.0 = XMBL|Any CPU
		{B8B792E3-2CF7-43B1-B409-1E7216A8F99A}.XMBL|ARM.ActiveCfg = XMBL|Any CPU
		{B8B792E3-2CF7-43B1-B409-1E7216A8F99A}.XMBL|ARM.Build.0 = XMBL|Any CPU
		{B8B792E3-2CF7-43B1-B409-1E7216A8F99A}.XMBL|ARM.Deploy.0 = XMBL|Any CPU
		{B8B792E3-2CF7-43B1-B409-1E7216A8F99A}.XMBL|iPhone.ActiveCfg = XMBL|Any CPU
		{B8B792E3-2CF7-43B1-B409-1E7216A8F99A}.XMBL|iPhone.Build.0 = XMBL|Any CPU
		{B8B792E3-2CF7-43B1-B409-1E7216A8F99A}.XMBL|iPhone.Deploy.0 = XMBL|Any CPU
		{B8B792E3-2CF7-43B1-B409-1E7216A8F99A}.XMBL|iPhoneSimulator.ActiveCfg = XMBL|Any CPU
		{B8B792E3-2CF7-43B1-B409-1E7216A8F99A}.XMBL|iPhoneSimulator.Build.0 = XMBL|Any CPU
		{B8B792E3-2CF7-43B1-B409-1E7216A8F99A}.XMBL|iPhoneSimulator.Deploy.0 = XMBL|Any CPU
		{B8B792E3-2CF7-43B1-B409-1E7216A8F99A}.XMBL|x64.ActiveCfg = XMBL|Any CPU
		{B8B792E3-2CF7-43B1-B409-1E7216A8F99A}.XMBL|x64.Build.0 = XMBL|Any CPU
		{B8B792E3-2CF7-43B1-B409-1E7216A8F99A}.XMBL|x64.Deploy.0 = XMBL|Any CPU
		{B8B792E3-2CF7-43B1-B409-1E7216A8F99A}.XMBL|x86.ActiveCfg = XMBL|Any CPU
		{B8B792E3-2CF7-43B1-B409-1E7216A8F99A}.XMBL|x86.Build.0 = XMBL|Any CPU
		{B8B792E3-2CF7-43B1-B409-1E7216A8F99A}.XMBL|x86.Deploy.0 = XMBL|Any CPU
		{F23BC09A-1484-406F-8354-EBB432D9CBB6}.Debug|Any CPU.ActiveCfg = Debug|Any CPU
		{F23BC09A-1484-406F-8354-EBB432D9CBB6}.Debug|Any CPU.Build.0 = Debug|Any CPU
		{F23BC09A-1484-406F-8354-EBB432D9CBB6}.Debug|ARM.ActiveCfg = Debug|Any CPU
		{F23BC09A-1484-406F-8354-EBB432D9CBB6}.Debug|ARM.Build.0 = Debug|Any CPU
		{F23BC09A-1484-406F-8354-EBB432D9CBB6}.Debug|iPhone.ActiveCfg = Debug|Any CPU
		{F23BC09A-1484-406F-8354-EBB432D9CBB6}.Debug|iPhone.Build.0 = Debug|Any CPU
		{F23BC09A-1484-406F-8354-EBB432D9CBB6}.Debug|iPhoneSimulator.ActiveCfg = Debug|Any CPU
		{F23BC09A-1484-406F-8354-EBB432D9CBB6}.Debug|iPhoneSimulator.Build.0 = Debug|Any CPU
		{F23BC09A-1484-406F-8354-EBB432D9CBB6}.Debug|x64.ActiveCfg = Debug|Any CPU
		{F23BC09A-1484-406F-8354-EBB432D9CBB6}.Debug|x64.Build.0 = Debug|Any CPU
		{F23BC09A-1484-406F-8354-EBB432D9CBB6}.Debug|x86.ActiveCfg = Debug|Any CPU
		{F23BC09A-1484-406F-8354-EBB432D9CBB6}.Debug|x86.Build.0 = Debug|Any CPU
		{F23BC09A-1484-406F-8354-EBB432D9CBB6}.Release|Any CPU.ActiveCfg = Release|Any CPU
		{F23BC09A-1484-406F-8354-EBB432D9CBB6}.Release|Any CPU.Build.0 = Release|Any CPU
		{F23BC09A-1484-406F-8354-EBB432D9CBB6}.Release|ARM.ActiveCfg = Release|Any CPU
		{F23BC09A-1484-406F-8354-EBB432D9CBB6}.Release|ARM.Build.0 = Release|Any CPU
		{F23BC09A-1484-406F-8354-EBB432D9CBB6}.Release|iPhone.ActiveCfg = Release|Any CPU
		{F23BC09A-1484-406F-8354-EBB432D9CBB6}.Release|iPhone.Build.0 = Release|Any CPU
		{F23BC09A-1484-406F-8354-EBB432D9CBB6}.Release|iPhoneSimulator.ActiveCfg = Release|Any CPU
		{F23BC09A-1484-406F-8354-EBB432D9CBB6}.Release|iPhoneSimulator.Build.0 = Release|Any CPU
		{F23BC09A-1484-406F-8354-EBB432D9CBB6}.Release|x64.ActiveCfg = Release|Any CPU
		{F23BC09A-1484-406F-8354-EBB432D9CBB6}.Release|x64.Build.0 = Release|Any CPU
		{F23BC09A-1484-406F-8354-EBB432D9CBB6}.Release|x86.ActiveCfg = Release|Any CPU
		{F23BC09A-1484-406F-8354-EBB432D9CBB6}.Release|x86.Build.0 = Release|Any CPU
		{F23BC09A-1484-406F-8354-EBB432D9CBB6}.XMAG|Any CPU.ActiveCfg = XMAG|Any CPU
		{F23BC09A-1484-406F-8354-EBB432D9CBB6}.XMAG|Any CPU.Build.0 = XMAG|Any CPU
		{F23BC09A-1484-406F-8354-EBB432D9CBB6}.XMAG|ARM.ActiveCfg = XMAG|Any CPU
		{F23BC09A-1484-406F-8354-EBB432D9CBB6}.XMAG|ARM.Build.0 = XMAG|Any CPU
		{F23BC09A-1484-406F-8354-EBB432D9CBB6}.XMAG|iPhone.ActiveCfg = XMAG|Any CPU
		{F23BC09A-1484-406F-8354-EBB432D9CBB6}.XMAG|iPhone.Build.0 = XMAG|Any CPU
		{F23BC09A-1484-406F-8354-EBB432D9CBB6}.XMAG|iPhoneSimulator.ActiveCfg = XMAG|Any CPU
		{F23BC09A-1484-406F-8354-EBB432D9CBB6}.XMAG|iPhoneSimulator.Build.0 = XMAG|Any CPU
		{F23BC09A-1484-406F-8354-EBB432D9CBB6}.XMAG|x64.ActiveCfg = XMAG|Any CPU
		{F23BC09A-1484-406F-8354-EBB432D9CBB6}.XMAG|x64.Build.0 = XMAG|Any CPU
		{F23BC09A-1484-406F-8354-EBB432D9CBB6}.XMAG|x86.ActiveCfg = XMAG|Any CPU
		{F23BC09A-1484-406F-8354-EBB432D9CBB6}.XMAG|x86.Build.0 = XMAG|Any CPU
		{F23BC09A-1484-406F-8354-EBB432D9CBB6}.XMBL|Any CPU.ActiveCfg = XMBL|Any CPU
		{F23BC09A-1484-406F-8354-EBB432D9CBB6}.XMBL|Any CPU.Build.0 = XMBL|Any CPU
		{F23BC09A-1484-406F-8354-EBB432D9CBB6}.XMBL|ARM.ActiveCfg = XMBL|Any CPU
		{F23BC09A-1484-406F-8354-EBB432D9CBB6}.XMBL|ARM.Build.0 = XMBL|Any CPU
		{F23BC09A-1484-406F-8354-EBB432D9CBB6}.XMBL|iPhone.ActiveCfg = XMBL|Any CPU
		{F23BC09A-1484-406F-8354-EBB432D9CBB6}.XMBL|iPhone.Build.0 = XMBL|Any CPU
		{F23BC09A-1484-406F-8354-EBB432D9CBB6}.XMBL|iPhoneSimulator.ActiveCfg = XMBL|Any CPU
		{F23BC09A-1484-406F-8354-EBB432D9CBB6}.XMBL|iPhoneSimulator.Build.0 = XMBL|Any CPU
		{F23BC09A-1484-406F-8354-EBB432D9CBB6}.XMBL|x64.ActiveCfg = XMBL|Any CPU
		{F23BC09A-1484-406F-8354-EBB432D9CBB6}.XMBL|x64.Build.0 = XMBL|Any CPU
		{F23BC09A-1484-406F-8354-EBB432D9CBB6}.XMBL|x86.ActiveCfg = XMBL|Any CPU
		{F23BC09A-1484-406F-8354-EBB432D9CBB6}.XMBL|x86.Build.0 = XMBL|Any CPU
		{D5C07614-2429-4F06-A6B6-BC505D5077ED}.Debug|Any CPU.ActiveCfg = Debug|Any CPU
		{D5C07614-2429-4F06-A6B6-BC505D5077ED}.Debug|Any CPU.Build.0 = Debug|Any CPU
		{D5C07614-2429-4F06-A6B6-BC505D5077ED}.Debug|ARM.ActiveCfg = Debug|Any CPU
		{D5C07614-2429-4F06-A6B6-BC505D5077ED}.Debug|ARM.Build.0 = Debug|Any CPU
		{D5C07614-2429-4F06-A6B6-BC505D5077ED}.Debug|iPhone.ActiveCfg = Debug|Any CPU
		{D5C07614-2429-4F06-A6B6-BC505D5077ED}.Debug|iPhone.Build.0 = Debug|Any CPU
		{D5C07614-2429-4F06-A6B6-BC505D5077ED}.Debug|iPhoneSimulator.ActiveCfg = Debug|Any CPU
		{D5C07614-2429-4F06-A6B6-BC505D5077ED}.Debug|iPhoneSimulator.Build.0 = Debug|Any CPU
		{D5C07614-2429-4F06-A6B6-BC505D5077ED}.Debug|x64.ActiveCfg = Debug|Any CPU
		{D5C07614-2429-4F06-A6B6-BC505D5077ED}.Debug|x64.Build.0 = Debug|Any CPU
		{D5C07614-2429-4F06-A6B6-BC505D5077ED}.Debug|x86.ActiveCfg = Debug|Any CPU
		{D5C07614-2429-4F06-A6B6-BC505D5077ED}.Debug|x86.Build.0 = Debug|Any CPU
		{D5C07614-2429-4F06-A6B6-BC505D5077ED}.Release|Any CPU.ActiveCfg = Release|Any CPU
		{D5C07614-2429-4F06-A6B6-BC505D5077ED}.Release|Any CPU.Build.0 = Release|Any CPU
		{D5C07614-2429-4F06-A6B6-BC505D5077ED}.Release|ARM.ActiveCfg = Release|Any CPU
		{D5C07614-2429-4F06-A6B6-BC505D5077ED}.Release|ARM.Build.0 = Release|Any CPU
		{D5C07614-2429-4F06-A6B6-BC505D5077ED}.Release|iPhone.ActiveCfg = Release|Any CPU
		{D5C07614-2429-4F06-A6B6-BC505D5077ED}.Release|iPhone.Build.0 = Release|Any CPU
		{D5C07614-2429-4F06-A6B6-BC505D5077ED}.Release|iPhoneSimulator.ActiveCfg = Release|Any CPU
		{D5C07614-2429-4F06-A6B6-BC505D5077ED}.Release|iPhoneSimulator.Build.0 = Release|Any CPU
		{D5C07614-2429-4F06-A6B6-BC505D5077ED}.Release|x64.ActiveCfg = Release|Any CPU
		{D5C07614-2429-4F06-A6B6-BC505D5077ED}.Release|x64.Build.0 = Release|Any CPU
		{D5C07614-2429-4F06-A6B6-BC505D5077ED}.Release|x86.ActiveCfg = Release|Any CPU
		{D5C07614-2429-4F06-A6B6-BC505D5077ED}.Release|x86.Build.0 = Release|Any CPU
		{D5C07614-2429-4F06-A6B6-BC505D5077ED}.XMAG|Any CPU.ActiveCfg = XMAG|Any CPU
		{D5C07614-2429-4F06-A6B6-BC505D5077ED}.XMAG|Any CPU.Build.0 = XMAG|Any CPU
		{D5C07614-2429-4F06-A6B6-BC505D5077ED}.XMAG|ARM.ActiveCfg = XMAG|Any CPU
		{D5C07614-2429-4F06-A6B6-BC505D5077ED}.XMAG|ARM.Build.0 = XMAG|Any CPU
		{D5C07614-2429-4F06-A6B6-BC505D5077ED}.XMAG|iPhone.ActiveCfg = XMAG|Any CPU
		{D5C07614-2429-4F06-A6B6-BC505D5077ED}.XMAG|iPhone.Build.0 = XMAG|Any CPU
		{D5C07614-2429-4F06-A6B6-BC505D5077ED}.XMAG|iPhoneSimulator.ActiveCfg = XMAG|Any CPU
		{D5C07614-2429-4F06-A6B6-BC505D5077ED}.XMAG|iPhoneSimulator.Build.0 = XMAG|Any CPU
		{D5C07614-2429-4F06-A6B6-BC505D5077ED}.XMAG|x64.ActiveCfg = XMAG|Any CPU
		{D5C07614-2429-4F06-A6B6-BC505D5077ED}.XMAG|x64.Build.0 = XMAG|Any CPU
		{D5C07614-2429-4F06-A6B6-BC505D5077ED}.XMAG|x86.ActiveCfg = XMAG|Any CPU
		{D5C07614-2429-4F06-A6B6-BC505D5077ED}.XMAG|x86.Build.0 = XMAG|Any CPU
		{D5C07614-2429-4F06-A6B6-BC505D5077ED}.XMBL|Any CPU.ActiveCfg = XMBL|Any CPU
		{D5C07614-2429-4F06-A6B6-BC505D5077ED}.XMBL|Any CPU.Build.0 = XMBL|Any CPU
		{D5C07614-2429-4F06-A6B6-BC505D5077ED}.XMBL|ARM.ActiveCfg = XMBL|Any CPU
		{D5C07614-2429-4F06-A6B6-BC505D5077ED}.XMBL|ARM.Build.0 = XMBL|Any CPU
		{D5C07614-2429-4F06-A6B6-BC505D5077ED}.XMBL|iPhone.ActiveCfg = XMBL|Any CPU
		{D5C07614-2429-4F06-A6B6-BC505D5077ED}.XMBL|iPhone.Build.0 = XMBL|Any CPU
		{D5C07614-2429-4F06-A6B6-BC505D5077ED}.XMBL|iPhoneSimulator.ActiveCfg = XMBL|Any CPU
		{D5C07614-2429-4F06-A6B6-BC505D5077ED}.XMBL|iPhoneSimulator.Build.0 = XMBL|Any CPU
		{D5C07614-2429-4F06-A6B6-BC505D5077ED}.XMBL|x64.ActiveCfg = XMBL|Any CPU
		{D5C07614-2429-4F06-A6B6-BC505D5077ED}.XMBL|x64.Build.0 = XMBL|Any CPU
		{D5C07614-2429-4F06-A6B6-BC505D5077ED}.XMBL|x86.ActiveCfg = XMBL|Any CPU
		{D5C07614-2429-4F06-A6B6-BC505D5077ED}.XMBL|x86.Build.0 = XMBL|Any CPU
	EndGlobalSection
	GlobalSection(SolutionProperties) = preSolution
		HideSolutionNode = FALSE
	EndGlobalSection
	GlobalSection(ExtensibilityGlobals) = postSolution
		SolutionGuid = {39B48660-9CA7-413B-92D7-589755E9B9FC}
	EndGlobalSection
EndGlobal
