
Microsoft Visual Studio Solution File, Format Version 12.00
# Visual Studio Version 16
VisualStudioVersion = 16.0.29926.136
MinimumVisualStudioVersion = 10.0.40219.1
Project("{FAE04EC0-301F-11D3-BF4B-00C04F79EFBC}") = "XpertMobileApp.UWP", "XpertMobileApp.UWP\XpertMobileApp.UWP.csproj", "{BE06ECA7-F10D-40B0-B273-874AE72EDA22}"
EndProject
Project("{FAE04EC0-301F-11D3-BF4B-00C04F79EFBC}") = "XpertMobileApp.Android", "XpertMobileApp.Android\XpertMobileApp.Android.csproj", "{B8B792E3-2CF7-43B1-B409-1E7216A8F99A}"
EndProject
Project("{FAE04EC0-301F-11D3-BF4B-00C04F79EFBC}") = "XpertMobileApp.iOS", "XpertMobileApp.iOS\XpertMobileApp.iOS.csproj", "{449B9356-295F-4D97-A4BE-EF2F34498EB3}"
EndProject
Project("{FAE04EC0-301F-11D3-BF4B-00C04F79EFBC}") = "XpertMobileApp", "XpertMobileApp\XpertMobileApp.csproj", "{57BCE980-84B0-4E6D-9947-FF4BF3C17D60}"
EndProject
Project("{9A19103F-16F7-4668-BE54-9A1E7A4F7556}") = "Xpert.Common.WSClient", "..\..\002 - XpertSoft\Xpert.Common.WSClient\Xpert.Common.WSClient.csproj", "{070CFEE0-2F6F-4950-B07F-3F820559AA8F}"
EndProject
Global
	GlobalSection(SolutionConfigurationPlatforms) = preSolution
		Debug|Any CPU = Debug|Any CPU
		Debug|ARM = Debug|ARM
		Debug|iPhone = Debug|iPhone
		Debug|iPhoneSimulator = Debug|iPhoneSimulator
		Debug|x64 = Debug|x64
		Debug|x86 = Debug|x86
		Release|Any CPU = Release|Any CPU
		Release|ARM = Release|ARM
		Release|iPhone = Release|iPhone
		Release|iPhoneSimulator = Release|iPhoneSimulator
		Release|x64 = Release|x64
		Release|x86 = Release|x86
	EndGlobalSection
	GlobalSection(ProjectConfigurationPlatforms) = postSolution
		{BE06ECA7-F10D-40B0-B273-874AE72EDA22}.Debug|Any CPU.ActiveCfg = Debug|x86
		{BE06ECA7-F10D-40B0-B273-874AE72EDA22}.Debug|Any CPU.Build.0 = Debug|x86
		{BE06ECA7-F10D-40B0-B273-874AE72EDA22}.Debug|Any CPU.Deploy.0 = Debug|x86
		{BE06ECA7-F10D-40B0-B273-874AE72EDA22}.Debug|ARM.ActiveCfg = Debug|ARM
		{BE06ECA7-F10D-40B0-B273-874AE72EDA22}.Debug|ARM.Build.0 = Debug|ARM
		{BE06ECA7-F10D-40B0-B273-874AE72EDA22}.Debug|ARM.Deploy.0 = Debug|ARM
		{BE06ECA7-F10D-40B0-B273-874AE72EDA22}.Debug|iPhone.ActiveCfg = Debug|x86
		{BE06ECA7-F10D-40B0-B273-874AE72EDA22}.Debug|iPhone.Build.0 = Debug|x86
		{BE06ECA7-F10D-40B0-B273-874AE72EDA22}.Debug|iPhone.Deploy.0 = Debug|x86
		{BE06ECA7-F10D-40B0-B273-874AE72EDA22}.Debug|iPhoneSimulator.ActiveCfg = Debug|x86
		{BE06ECA7-F10D-40B0-B273-874AE72EDA22}.Debug|iPhoneSimulator.Build.0 = Debug|x86
		{BE06ECA7-F10D-40B0-B273-874AE72EDA22}.Debug|iPhoneSimulator.Deploy.0 = Debug|x86
		{BE06ECA7-F10D-40B0-B273-874AE72EDA22}.Debug|x64.ActiveCfg = Debug|x64
		{BE06ECA7-F10D-40B0-B273-874AE72EDA22}.Debug|x64.Build.0 = Debug|x64
		{BE06ECA7-F10D-40B0-B273-874AE72EDA22}.Debug|x64.Deploy.0 = Debug|x64
		{BE06ECA7-F10D-40B0-B273-874AE72EDA22}.Debug|x86.ActiveCfg = Debug|x86
		{BE06ECA7-F10D-40B0-B273-874AE72EDA22}.Debug|x86.Build.0 = Debug|x86
		{BE06ECA7-F10D-40B0-B273-874AE72EDA22}.Debug|x86.Deploy.0 = Debug|x86
		{BE06ECA7-F10D-40B0-B273-874AE72EDA22}.Release|Any CPU.ActiveCfg = Release|x86
		{BE06ECA7-F10D-40B0-B273-874AE72EDA22}.Release|Any CPU.Build.0 = Release|x86
		{BE06ECA7-F10D-40B0-B273-874AE72EDA22}.Release|Any CPU.Deploy.0 = Release|x86
		{BE06ECA7-F10D-40B0-B273-874AE72EDA22}.Release|ARM.ActiveCfg = Release|ARM
		{BE06ECA7-F10D-40B0-B273-874AE72EDA22}.Release|ARM.Build.0 = Release|ARM
		{BE06ECA7-F10D-40B0-B273-874AE72EDA22}.Release|ARM.Deploy.0 = Release|ARM
		{BE06ECA7-F10D-40B0-B273-874AE72EDA22}.Release|iPhone.ActiveCfg = Release|x86
		{BE06ECA7-F10D-40B0-B273-874AE72EDA22}.Release|iPhone.Build.0 = Release|x86
		{BE06ECA7-F10D-40B0-B273-874AE72EDA22}.Release|iPhone.Deploy.0 = Release|x86
		{BE06ECA7-F10D-40B0-B273-874AE72EDA22}.Release|iPhoneSimulator.ActiveCfg = Release|x86
		{BE06ECA7-F10D-40B0-B273-874AE72EDA22}.Release|iPhoneSimulator.Build.0 = Release|x86
		{BE06ECA7-F10D-40B0-B273-874AE72EDA22}.Release|iPhoneSimulator.Deploy.0 = Release|x86
		{BE06ECA7-F10D-40B0-B273-874AE72EDA22}.Release|x64.ActiveCfg = Release|x64
		{BE06ECA7-F10D-40B0-B273-874AE72EDA22}.Release|x64.Build.0 = Release|x64
		{BE06ECA7-F10D-40B0-B273-874AE72EDA22}.Release|x64.Deploy.0 = Release|x64
		{BE06ECA7-F10D-40B0-B273-874AE72EDA22}.Release|x86.ActiveCfg = Release|x86
		{BE06ECA7-F10D-40B0-B273-874AE72EDA22}.Release|x86.Build.0 = Release|x86
		{BE06ECA7-F10D-40B0-B273-874AE72EDA22}.Release|x86.Deploy.0 = Release|x86
		{B8B792E3-2CF7-43B1-B409-1E7216A8F99A}.Debug|Any CPU.ActiveCfg = Debug|Any CPU
		{B8B792E3-2CF7-43B1-B409-1E7216A8F99A}.Debug|Any CPU.Build.0 = Debug|Any CPU
		{B8B792E3-2CF7-43B1-B409-1E7216A8F99A}.Debug|Any CPU.Deploy.0 = Debug|Any CPU
		{B8B792E3-2CF7-43B1-B409-1E7216A8F99A}.Debug|ARM.ActiveCfg = Debug|Any CPU
		{B8B792E3-2CF7-43B1-B409-1E7216A8F99A}.Debug|ARM.Build.0 = Debug|Any CPU
		{B8B792E3-2CF7-43B1-B409-1E7216A8F99A}.Debug|ARM.Deploy.0 = Debug|Any CPU
		{B8B792E3-2CF7-43B1-B409-1E7216A8F99A}.Debug|iPhone.ActiveCfg = Debug|Any CPU
		{B8B792E3-2CF7-43B1-B409-1E7216A8F99A}.Debug|iPhone.Build.0 = Debug|Any CPU
		{B8B792E3-2CF7-43B1-B409-1E7216A8F99A}.Debug|iPhone.Deploy.0 = Debug|Any CPU
		{B8B792E3-2CF7-43B1-B409-1E7216A8F99A}.Debug|iPhoneSimulator.ActiveCfg = Debug|Any CPU
		{B8B792E3-2CF7-43B1-B409-1E7216A8F99A}.Debug|iPhoneSimulator.Build.0 = Debug|Any CPU
		{B8B792E3-2CF7-43B1-B409-1E7216A8F99A}.Debug|iPhoneSimulator.Deploy.0 = Debug|Any CPU
		{B8B792E3-2CF7-43B1-B409-1E7216A8F99A}.Debug|x64.ActiveCfg = Debug|Any CPU
		{B8B792E3-2CF7-43B1-B409-1E7216A8F99A}.Debug|x64.Build.0 = Debug|Any CPU
		{B8B792E3-2CF7-43B1-B409-1E7216A8F99A}.Debug|x64.Deploy.0 = Debug|Any CPU
		{B8B792E3-2CF7-43B1-B409-1E7216A8F99A}.Debug|x86.ActiveCfg = Debug|Any CPU
		{B8B792E3-2CF7-43B1-B409-1E7216A8F99A}.Debug|x86.Build.0 = Debug|Any CPU
		{B8B792E3-2CF7-43B1-B409-1E7216A8F99A}.Debug|x86.Deploy.0 = Debug|Any CPU
		{B8B792E3-2CF7-43B1-B409-1E7216A8F99A}.Release|Any CPU.ActiveCfg = Release|Any CPU
		{B8B792E3-2CF7-43B1-B409-1E7216A8F99A}.Release|Any CPU.Build.0 = Release|Any CPU
		{B8B792E3-2CF7-43B1-B409-1E7216A8F99A}.Release|Any CPU.Deploy.0 = Release|Any CPU
		{B8B792E3-2CF7-43B1-B409-1E7216A8F99A}.Release|ARM.ActiveCfg = Release|Any CPU
		{B8B792E3-2CF7-43B1-B409-1E7216A8F99A}.Release|ARM.Build.0 = Release|Any CPU
		{B8B792E3-2CF7-43B1-B409-1E7216A8F99A}.Release|ARM.Deploy.0 = Release|Any CPU
		{B8B792E3-2CF7-43B1-B409-1E7216A8F99A}.Release|iPhone.ActiveCfg = Release|Any CPU
		{B8B792E3-2CF7-43B1-B409-1E7216A8F99A}.Release|iPhone.Build.0 = Release|Any CPU
		{B8B792E3-2CF7-43B1-B409-1E7216A8F99A}.Release|iPhone.Deploy.0 = Release|Any CPU
		{B8B792E3-2CF7-43B1-B409-1E7216A8F99A}.Release|iPhoneSimulator.ActiveCfg = Release|Any CPU
		{B8B792E3-2CF7-43B1-B409-1E7216A8F99A}.Release|iPhoneSimulator.Build.0 = Release|Any CPU
		{B8B792E3-2CF7-43B1-B409-1E7216A8F99A}.Release|iPhoneSimulator.Deploy.0 = Release|Any CPU
		{B8B792E3-2CF7-43B1-B409-1E7216A8F99A}.Release|x64.ActiveCfg = Release|Any CPU
		{B8B792E3-2CF7-43B1-B409-1E7216A8F99A}.Release|x64.Build.0 = Release|Any CPU
		{B8B792E3-2CF7-43B1-B409-1E7216A8F99A}.Release|x64.Deploy.0 = Release|Any CPU
		{B8B792E3-2CF7-43B1-B409-1E7216A8F99A}.Release|x86.ActiveCfg = Release|Any CPU
		{B8B792E3-2CF7-43B1-B409-1E7216A8F99A}.Release|x86.Build.0 = Release|Any CPU
		{B8B792E3-2CF7-43B1-B409-1E7216A8F99A}.Release|x86.Deploy.0 = Release|Any CPU
		{449B9356-295F-4D97-A4BE-EF2F34498EB3}.Debug|Any CPU.ActiveCfg = Debug|iPhone
		{449B9356-295F-4D97-A4BE-EF2F34498EB3}.Debug|Any CPU.Build.0 = Debug|iPhone
		{449B9356-295F-4D97-A4BE-EF2F34498EB3}.Debug|Any CPU.Deploy.0 = Debug|iPhone
		{449B9356-295F-4D97-A4BE-EF2F34498EB3}.Debug|ARM.ActiveCfg = Debug|iPhone
		{449B9356-295F-4D97-A4BE-EF2F34498EB3}.Debug|ARM.Build.0 = Debug|iPhone
		{449B9356-295F-4D97-A4BE-EF2F34498EB3}.Debug|ARM.Deploy.0 = Debug|iPhone
		{449B9356-295F-4D97-A4BE-EF2F34498EB3}.Debug|iPhone.ActiveCfg = Debug|iPhone
		{449B9356-295F-4D97-A4BE-EF2F34498EB3}.Debug|iPhone.Build.0 = Debug|iPhone
		{449B9356-295F-4D97-A4BE-EF2F34498EB3}.Debug|iPhone.Deploy.0 = Debug|iPhone
		{449B9356-295F-4D97-A4BE-EF2F34498EB3}.Debug|iPhoneSimulator.ActiveCfg = Debug|iPhoneSimulator
		{449B9356-295F-4D97-A4BE-EF2F34498EB3}.Debug|iPhoneSimulator.Build.0 = Debug|iPhoneSimulator
		{449B9356-295F-4D97-A4BE-EF2F34498EB3}.Debug|iPhoneSimulator.Deploy.0 = Debug|iPhoneSimulator
		{449B9356-295F-4D97-A4BE-EF2F34498EB3}.Debug|x64.ActiveCfg = Debug|iPhone
		{449B9356-295F-4D97-A4BE-EF2F34498EB3}.Debug|x64.Build.0 = Debug|iPhone
		{449B9356-295F-4D97-A4BE-EF2F34498EB3}.Debug|x64.Deploy.0 = Debug|iPhone
		{449B9356-295F-4D97-A4BE-EF2F34498EB3}.Debug|x86.ActiveCfg = Debug|iPhone
		{449B9356-295F-4D97-A4BE-EF2F34498EB3}.Debug|x86.Build.0 = Debug|iPhone
		{449B9356-295F-4D97-A4BE-EF2F34498EB3}.Debug|x86.Deploy.0 = Debug|iPhone
		{449B9356-295F-4D97-A4BE-EF2F34498EB3}.Release|Any CPU.ActiveCfg = Release|iPhone
		{449B9356-295F-4D97-A4BE-EF2F34498EB3}.Release|Any CPU.Build.0 = Release|iPhone
		{449B9356-295F-4D97-A4BE-EF2F34498EB3}.Release|Any CPU.Deploy.0 = Release|iPhone
		{449B9356-295F-4D97-A4BE-EF2F34498EB3}.Release|ARM.ActiveCfg = Release|iPhone
		{449B9356-295F-4D97-A4BE-EF2F34498EB3}.Release|ARM.Build.0 = Release|iPhone
		{449B9356-295F-4D97-A4BE-EF2F34498EB3}.Release|ARM.Deploy.0 = Release|iPhone
		{449B9356-295F-4D97-A4BE-EF2F34498EB3}.Release|iPhone.ActiveCfg = Release|iPhone
		{449B9356-295F-4D97-A4BE-EF2F34498EB3}.Release|iPhone.Build.0 = Release|iPhone
		{449B9356-295F-4D97-A4BE-EF2F34498EB3}.Release|iPhone.Deploy.0 = Release|iPhone
		{449B9356-295F-4D97-A4BE-EF2F34498EB3}.Release|iPhoneSimulator.ActiveCfg = Release|iPhoneSimulator
		{449B9356-295F-4D97-A4BE-EF2F34498EB3}.Release|iPhoneSimulator.Build.0 = Release|iPhoneSimulator
		{449B9356-295F-4D97-A4BE-EF2F34498EB3}.Release|iPhoneSimulator.Deploy.0 = Release|iPhoneSimulator
		{449B9356-295F-4D97-A4BE-EF2F34498EB3}.Release|x64.ActiveCfg = Release|iPhone
		{449B9356-295F-4D97-A4BE-EF2F34498EB3}.Release|x64.Build.0 = Release|iPhone
		{449B9356-295F-4D97-A4BE-EF2F34498EB3}.Release|x64.Deploy.0 = Release|iPhone
		{449B9356-295F-4D97-A4BE-EF2F34498EB3}.Release|x86.ActiveCfg = Release|iPhone
		{449B9356-295F-4D97-A4BE-EF2F34498EB3}.Release|x86.Build.0 = Release|iPhone
		{449B9356-295F-4D97-A4BE-EF2F34498EB3}.Release|x86.Deploy.0 = Release|iPhone
		{57BCE980-84B0-4E6D-9947-FF4BF3C17D60}.Debug|Any CPU.ActiveCfg = Debug|Any CPU
		{57BCE980-84B0-4E6D-9947-FF4BF3C17D60}.Debug|Any CPU.Build.0 = Debug|Any CPU
		{57BCE980-84B0-4E6D-9947-FF4BF3C17D60}.Debug|Any CPU.Deploy.0 = Debug|Any CPU
		{57BCE980-84B0-4E6D-9947-FF4BF3C17D60}.Debug|ARM.ActiveCfg = Debug|Any CPU
		{57BCE980-84B0-4E6D-9947-FF4BF3C17D60}.Debug|ARM.Build.0 = Debug|Any CPU
		{57BCE980-84B0-4E6D-9947-FF4BF3C17D60}.Debug|ARM.Deploy.0 = Debug|Any CPU
		{57BCE980-84B0-4E6D-9947-FF4BF3C17D60}.Debug|iPhone.ActiveCfg = Debug|Any CPU
		{57BCE980-84B0-4E6D-9947-FF4BF3C17D60}.Debug|iPhone.Build.0 = Debug|Any CPU
		{57BCE980-84B0-4E6D-9947-FF4BF3C17D60}.Debug|iPhone.Deploy.0 = Debug|Any CPU
		{57BCE980-84B0-4E6D-9947-FF4BF3C17D60}.Debug|iPhoneSimulator.ActiveCfg = Debug|Any CPU
		{57BCE980-84B0-4E6D-9947-FF4BF3C17D60}.Debug|iPhoneSimulator.Build.0 = Debug|Any CPU
		{57BCE980-84B0-4E6D-9947-FF4BF3C17D60}.Debug|iPhoneSimulator.Deploy.0 = Debug|Any CPU
		{57BCE980-84B0-4E6D-9947-FF4BF3C17D60}.Debug|x64.ActiveCfg = Debug|Any CPU
		{57BCE980-84B0-4E6D-9947-FF4BF3C17D60}.Debug|x64.Build.0 = Debug|Any CPU
		{57BCE980-84B0-4E6D-9947-FF4BF3C17D60}.Debug|x64.Deploy.0 = Debug|Any CPU
		{57BCE980-84B0-4E6D-9947-FF4BF3C17D60}.Debug|x86.ActiveCfg = Debug|Any CPU
		{57BCE980-84B0-4E6D-9947-FF4BF3C17D60}.Debug|x86.Build.0 = Debug|Any CPU
		{57BCE980-84B0-4E6D-9947-FF4BF3C17D60}.Debug|x86.Deploy.0 = Debug|Any CPU
		{57BCE980-84B0-4E6D-9947-FF4BF3C17D60}.Release|Any CPU.ActiveCfg = Release|Any CPU
		{57BCE980-84B0-4E6D-9947-FF4BF3C17D60}.Release|Any CPU.Build.0 = Release|Any CPU
		{57BCE980-84B0-4E6D-9947-FF4BF3C17D60}.Release|Any CPU.Deploy.0 = Release|Any CPU
		{57BCE980-84B0-4E6D-9947-FF4BF3C17D60}.Release|ARM.ActiveCfg = Release|Any CPU
		{57BCE980-84B0-4E6D-9947-FF4BF3C17D60}.Release|ARM.Build.0 = Release|Any CPU
		{57BCE980-84B0-4E6D-9947-FF4BF3C17D60}.Release|ARM.Deploy.0 = Release|Any CPU
		{57BCE980-84B0-4E6D-9947-FF4BF3C17D60}.Release|iPhone.ActiveCfg = Release|Any CPU
		{57BCE980-84B0-4E6D-9947-FF4BF3C17D60}.Release|iPhone.Build.0 = Release|Any CPU
		{57BCE980-84B0-4E6D-9947-FF4BF3C17D60}.Release|iPhone.Deploy.0 = Release|Any CPU
		{57BCE980-84B0-4E6D-9947-FF4BF3C17D60}.Release|iPhoneSimulator.ActiveCfg = Release|Any CPU
		{57BCE980-84B0-4E6D-9947-FF4BF3C17D60}.Release|iPhoneSimulator.Build.0 = Release|Any CPU
		{57BCE980-84B0-4E6D-9947-FF4BF3C17D60}.Release|iPhoneSimulator.Deploy.0 = Release|Any CPU
		{57BCE980-84B0-4E6D-9947-FF4BF3C17D60}.Release|x64.ActiveCfg = Release|Any CPU
		{57BCE980-84B0-4E6D-9947-FF4BF3C17D60}.Release|x64.Build.0 = Release|Any CPU
		{57BCE980-84B0-4E6D-9947-FF4BF3C17D60}.Release|x64.Deploy.0 = Release|Any CPU
		{57BCE980-84B0-4E6D-9947-FF4BF3C17D60}.Release|x86.ActiveCfg = Release|Any CPU
		{57BCE980-84B0-4E6D-9947-FF4BF3C17D60}.Release|x86.Build.0 = Release|Any CPU
		{57BCE980-84B0-4E6D-9947-FF4BF3C17D60}.Release|x86.Deploy.0 = Release|Any CPU
		{070CFEE0-2F6F-4950-B07F-3F820559AA8F}.Debug|Any CPU.ActiveCfg = Debug|Any CPU
		{070CFEE0-2F6F-4950-B07F-3F820559AA8F}.Debug|Any CPU.Build.0 = Debug|Any CPU
		{070CFEE0-2F6F-4950-B07F-3F820559AA8F}.Debug|ARM.ActiveCfg = Debug|Any CPU
		{070CFEE0-2F6F-4950-B07F-3F820559AA8F}.Debug|ARM.Build.0 = Debug|Any CPU
		{070CFEE0-2F6F-4950-B07F-3F820559AA8F}.Debug|iPhone.ActiveCfg = Debug|Any CPU
		{070CFEE0-2F6F-4950-B07F-3F820559AA8F}.Debug|iPhone.Build.0 = Debug|Any CPU
		{070CFEE0-2F6F-4950-B07F-3F820559AA8F}.Debug|iPhoneSimulator.ActiveCfg = Debug|Any CPU
		{070CFEE0-2F6F-4950-B07F-3F820559AA8F}.Debug|iPhoneSimulator.Build.0 = Debug|Any CPU
		{070CFEE0-2F6F-4950-B07F-3F820559AA8F}.Debug|x64.ActiveCfg = Debug|Any CPU
		{070CFEE0-2F6F-4950-B07F-3F820559AA8F}.Debug|x64.Build.0 = Debug|Any CPU
		{070CFEE0-2F6F-4950-B07F-3F820559AA8F}.Debug|x86.ActiveCfg = Debug|Any CPU
		{070CFEE0-2F6F-4950-B07F-3F820559AA8F}.Debug|x86.Build.0 = Debug|Any CPU
		{070CFEE0-2F6F-4950-B07F-3F820559AA8F}.Release|Any CPU.ActiveCfg = Release|Any CPU
		{070CFEE0-2F6F-4950-B07F-3F820559AA8F}.Release|Any CPU.Build.0 = Release|Any CPU
		{070CFEE0-2F6F-4950-B07F-3F820559AA8F}.Release|ARM.ActiveCfg = Release|Any CPU
		{070CFEE0-2F6F-4950-B07F-3F820559AA8F}.Release|ARM.Build.0 = Release|Any CPU
		{070CFEE0-2F6F-4950-B07F-3F820559AA8F}.Release|iPhone.ActiveCfg = Release|Any CPU
		{070CFEE0-2F6F-4950-B07F-3F820559AA8F}.Release|iPhone.Build.0 = Release|Any CPU
		{070CFEE0-2F6F-4950-B07F-3F820559AA8F}.Release|iPhoneSimulator.ActiveCfg = Release|Any CPU
		{070CFEE0-2F6F-4950-B07F-3F820559AA8F}.Release|iPhoneSimulator.Build.0 = Release|Any CPU
		{070CFEE0-2F6F-4950-B07F-3F820559AA8F}.Release|x64.ActiveCfg = Release|Any CPU
		{070CFEE0-2F6F-4950-B07F-3F820559AA8F}.Release|x64.Build.0 = Release|Any CPU
		{070CFEE0-2F6F-4950-B07F-3F820559AA8F}.Release|x86.ActiveCfg = Release|Any CPU
		{070CFEE0-2F6F-4950-B07F-3F820559AA8F}.Release|x86.Build.0 = Release|Any CPU
	EndGlobalSection
	GlobalSection(SolutionProperties) = preSolution
		HideSolutionNode = FALSE
	EndGlobalSection
	GlobalSection(ExtensibilityGlobals) = postSolution
		SolutionGuid = {39B48660-9CA7-413B-92D7-589755E9B9FC}
	EndGlobalSection
EndGlobal
